{
  "meteor": {},
  "dependencies": {
    "basePackages": {
      "router": {},
      "mini-pages": {},
      "iron-router": {},
      "popcorn": {},
      "font-awesome": {},
      "jquery-ui": {},
      "moment": {},
      "autocomplete": {},
      "notifications": {}
    },
    "packages": {
      "router": {
        "git": "https://github.com/tmeasday/meteor-router.git",
        "tag": "v0.6.1",
        "commit": "8ec75fec7affdefc787d19f23b36fd6d1d44ef04"
      },
      "mini-pages": {
        "git": "https://github.com/cmather/meteor-mini-pages.git",
        "tag": "v0.3.2",
        "commit": "4d885ffb6d0108ee2e47a13a6296c98a2f7b5059"
      },
      "iron-router": {
        "git": "https://github.com/EventedMind/iron-router.git",
        "tag": "v0.7.1",
        "commit": "d1ffb3f06ea4c112132b030f2eb1a70b81675ecb"
      },
      "popcorn": {
        "git": "https://github.com/santihbc/meteor-popcorn-js.git",
        "tag": "v0.1.0",
        "commit": "20c5e438f0d1634f7c2ca3b0f78ac0bf63cb2e7c"
      },
      "font-awesome": {
        "git": "https://github.com/nate-strauser/meteor-font-awesome.git",
        "tag": "v4.0.3",
        "commit": "61e9361384347547ae144f8228faa4deffda23db"
      },
      "jquery-ui": {
        "git": "https://github.com/TimHeckel/meteor-jquery-ui.git",
        "tag": "v1.9.2",
        "commit": "c437d45edcf1367df8d5ffa8bad2867758030bd2"
      },
      "moment": {
        "git": "https://github.com/acreeger/meteor-moment.git",
        "tag": "v2.5.1",
        "commit": "8c9bc5d3fc96705057737cb9743d555417f6e551"
      },
      "autocomplete": {
        "git": "https://github.com/mizzao/meteor-autocomplete.git",
        "tag": "v0.3.0",
        "commit": "3130f6911e3ece890532be7c669b1ffa42dbb097"
      },
      "notifications": {
        "git": "https://github.com/gfk-ba/meteor-notifications.git",
        "tag": "v0.4.8",
        "commit": "ed16633ce4996522907a41138b3ebc6134e15063"
      },
      "page-js-ie-support": {
        "git": "https://github.com/tmeasday/meteor-page-js-ie-support.git",
        "tag": "v1.3.5",
        "commit": "b99ed8380aefd10b2afc8f18d9eed4dd0d8ea9cb"
      },
      "HTML5-History-API": {
        "git": "https://github.com/tmeasday/meteor-HTML5-History-API.git",
        "tag": "v4.0.0",
        "commit": "dc4965f1424cfca625ec3fbea17eace03f8e32c5"
      },
      "blaze-layout": {
        "git": "https://github.com/EventedMind/blaze-layout.git",
        "tag": "v0.2.4",
        "commit": "b40e9b0612329288d75cf52ad14a7da64bb8618f"
      },
      "jquery-migrate": {
        "git": "https://github.com/canadaduane/meteor-jquery-migrate.git",
        "tag": "v2.0.0",
        "commit": "636819c9de59f66410e148867b229869bb045cea"
      }
    }
  }
}
